
Microsoft Visual Studio Solution File, Format Version 12.00
# Visual Studio Version 17
VisualStudioVersion = 17.5.002.0
MinimumVisualStudioVersion = 10.0.40219.1
Project("{9A19103F-16F7-4668-BE54-9A1E7A4F7556}") = "zad1", "zad1\zad1.csproj", "{A554EC86-442B-44BD-A376-879D679F8277}"
EndProject
Global
	GlobalSection(SolutionConfigurationPlatforms) = preSolution
		Debug|Any CPU = Debug|Any CPU
		Release|Any CPU = Release|Any CPU
	EndGlobalSection
	GlobalSection(ProjectConfigurationPlatforms) = postSolution
		{A554EC86-442B-44BD-A376-879D679F8277}.Debug|Any CPU.ActiveCfg = Debug|Any CPU
		{A554EC86-442B-44BD-A376-879D679F8277}.Debug|Any CPU.Build.0 = Debug|Any CPU
		{A554EC86-442B-44BD-A376-879D679F8277}.Release|Any CPU.ActiveCfg = Release|Any CPU
		{A554EC86-442B-44BD-A376-879D679F8277}.Release|Any CPU.Build.0 = Release|Any CPU
	EndGlobalSection
	GlobalSection(SolutionProperties) = preSolution
		HideSolutionNode = FALSE
	EndGlobalSection
	GlobalSection(ExtensibilityGlobals) = postSolution
		SolutionGuid = {6DB53411-07CE-4E31-9126-57070012567A}
	EndGlobalSection
EndGlobal
